
Microsoft Visual Studio Solution File, Format Version 12.00
# Visual Studio Version 17
VisualStudioVersion = 17.11.35312.102
MinimumVisualStudioVersion = 10.0.40219.1
Project("{FAE04EC0-301F-11D3-BF4B-00C04F79EFBC}") = "HotelBooking", "HotelBooking\HotelBooking.csproj", "{FBE0F5C4-FAE6-4DA5-9146-81EDAE29C78F}"
EndProject
Project("{FAE04EC0-301F-11D3-BF4B-00C04F79EFBC}") = "HotelBooking.Application", "HotelBooking.Application\HotelBooking.Application.csproj", "{B58FEC93-83B7-4C58-A411-297D2AFF3CC3}"
EndProject
Project("{FAE04EC0-301F-11D3-BF4B-00C04F79EFBC}") = "HotelBooking.Domain", "HotelBooking.Domain\HotelBooking.Domain.csproj", "{48F088BB-BBF4-4C78-9ADB-52F28F5917CC}"
EndProject
Project("{FAE04EC0-301F-11D3-BF4B-00C04F79EFBC}") = "HotelBooking.Infrastructure", "HotelBooking.Infrastructure\HotelBooking.Infrastructure.csproj", "{8326B914-94AA-4329-889D-9B01B9F959F3}"
EndProject
Global
	GlobalSection(SolutionConfigurationPlatforms) = preSolution
		Debug|Any CPU = Debug|Any CPU
		Release|Any CPU = Release|Any CPU
	EndGlobalSection
	GlobalSection(ProjectConfigurationPlatforms) = postSolution
		{FBE0F5C4-FAE6-4DA5-9146-81EDAE29C78F}.Debug|Any CPU.ActiveCfg = Debug|Any CPU
		{FBE0F5C4-FAE6-4DA5-9146-81EDAE29C78F}.Debug|Any CPU.Build.0 = Debug|Any CPU
		{FBE0F5C4-FAE6-4DA5-9146-81EDAE29C78F}.Release|Any CPU.ActiveCfg = Release|Any CPU
		{FBE0F5C4-FAE6-4DA5-9146-81EDAE29C78F}.Release|Any CPU.Build.0 = Release|Any CPU
		{B58FEC93-83B7-4C58-A411-297D2AFF3CC3}.Debug|Any CPU.ActiveCfg = Debug|Any CPU
		{B58FEC93-83B7-4C58-A411-297D2AFF3CC3}.Debug|Any CPU.Build.0 = Debug|Any CPU
		{B58FEC93-83B7-4C58-A411-297D2AFF3CC3}.Release|Any CPU.ActiveCfg = Release|Any CPU
		{B58FEC93-83B7-4C58-A411-297D2AFF3CC3}.Release|Any CPU.Build.0 = Release|Any CPU
		{48F088BB-BBF4-4C78-9ADB-52F28F5917CC}.Debug|Any CPU.ActiveCfg = Debug|Any CPU
		{48F088BB-BBF4-4C78-9ADB-52F28F5917CC}.Debug|Any CPU.Build.0 = Debug|Any CPU
		{48F088BB-BBF4-4C78-9ADB-52F28F5917CC}.Release|Any CPU.ActiveCfg = Release|Any CPU
		{48F088BB-BBF4-4C78-9ADB-52F28F5917CC}.Release|Any CPU.Build.0 = Release|Any CPU
		{8326B914-94AA-4329-889D-9B01B9F959F3}.Debug|Any CPU.ActiveCfg = Debug|Any CPU
		{8326B914-94AA-4329-889D-9B01B9F959F3}.Debug|Any CPU.Build.0 = Debug|Any CPU
		{8326B914-94AA-4329-889D-9B01B9F959F3}.Release|Any CPU.ActiveCfg = Release|Any CPU
		{8326B914-94AA-4329-889D-9B01B9F959F3}.Release|Any CPU.Build.0 = Release|Any CPU
	EndGlobalSection
	GlobalSection(SolutionProperties) = preSolution
		HideSolutionNode = FALSE
	EndGlobalSection
	GlobalSection(ExtensibilityGlobals) = postSolution
		SolutionGuid = {6521618C-EE19-4AEF-9275-AD77DE575428}
	EndGlobalSection
EndGlobal
